Microsoft Visual Studio Solution File, Format Version 12.00
# Visual Studio Version 17
VisualStudioVersion = 17.5.2.0
MinimumVisualStudioVersion = 10.0.40219.1
Project("{FAE04EC0-301F-11D3-BF4B-00C04F79EFBC}") = "DatabaseQuery", "DatabaseQuery.csproj", "{B42FF7A8-4033-F29A-E72C-B08D3ED10D64}"
EndProject
Project("{FAE04EC0-301F-11D3-BF4B-00C04F79EFBC}") = "DataProcessor", "DataProcessor.csproj", "{CE9CB6B7-1DFB-56ED-79E6-095E45C52B00}"
EndProject
Project("{FAE04EC0-301F-11D3-BF4B-00C04F79EFBC}") = "EnsembleTest", "EnsembleTest.csproj", "{D0920134-80F3-C50F-E7B1-9CC5E0ADB599}"
EndProject
Global
	GlobalSection(SolutionConfigurationPlatforms) = preSolution
		Debug|Any CPU = Debug|Any CPU
		Release|Any CPU = Release|Any CPU
	EndGlobalSection
	GlobalSection(ProjectConfigurationPlatforms) = postSolution
		{B42FF7A8-4033-F29A-E72C-B08D3ED10D64}.Debug|Any CPU.ActiveCfg = Debug|Any CPU
		{B42FF7A8-4033-F29A-E72C-B08D3ED10D64}.Debug|Any CPU.Build.0 = Debug|Any CPU
		{B42FF7A8-4033-F29A-E72C-B08D3ED10D64}.Release|Any CPU.ActiveCfg = Release|Any CPU
		{B42FF7A8-4033-F29A-E72C-B08D3ED10D64}.Release|Any CPU.Build.0 = Release|Any CPU
		{CE9CB6B7-1DFB-56ED-79E6-095E45C52B00}.Debug|Any CPU.ActiveCfg = Debug|Any CPU
		{CE9CB6B7-1DFB-56ED-79E6-095E45C52B00}.Debug|Any CPU.Build.0 = Debug|Any CPU
		{CE9CB6B7-1DFB-56ED-79E6-095E45C52B00}.Release|Any CPU.ActiveCfg = Release|Any CPU
		{CE9CB6B7-1DFB-56ED-79E6-095E45C52B00}.Release|Any CPU.Build.0 = Release|Any CPU
		{D0920134-80F3-C50F-E7B1-9CC5E0ADB599}.Debug|Any CPU.ActiveCfg = Debug|Any CPU
		{D0920134-80F3-C50F-E7B1-9CC5E0ADB599}.Debug|Any CPU.Build.0 = Debug|Any CPU
		{D0920134-80F3-C50F-E7B1-9CC5E0ADB599}.Release|Any CPU.ActiveCfg = Release|Any CPU
		{D0920134-80F3-C50F-E7B1-9CC5E0ADB599}.Release|Any CPU.Build.0 = Release|Any CPU
	EndGlobalSection
	GlobalSection(SolutionProperties) = preSolution
		HideSolutionNode = FALSE
	EndGlobalSection
	GlobalSection(ExtensibilityGlobals) = postSolution
		SolutionGuid = {6C9DC8E2-0F71-4686-AF59-68170988BE6A}
	EndGlobalSection
EndGlobal
